<Solution>
  <Project Path="playground/DotnetAppWithAuth/aspirefriday.ApiService.csproj" />
  <Project Path="playground/AppHost/aspirefriday.AppHost.csproj" />
  <Project Path="src/AspireFriday.Hosting.UserJwts/AspireFriday.Hosting.UserJwts.csproj" />
  <Project Path="tests/integration/aspirefriday.IntegrationTests.csproj" />
  <Project Path="tests/unit/aspirefriday.UnitTests.csproj" />
</Solution>
